# THIS IS AN AUTOGENERATED FILE. DO NOT EDIT THIS FILE DIRECTLY.
# yarn lockfile v1


"@actions/github@^5.1.1":
  version "5.1.1"
  dependencies:
    "@actions/http-client" "^2.0.1"
    "@octokit/core" "^3.6.0"
    "@octokit/plugin-paginate-rest" "^2.17.0"
    "@octokit/plugin-rest-endpoint-methods" "^5.13.0"

"@actions/http-client@^2.0.1":
  version "2.1.0"
  dependencies:
    tunnel "^0.0.6"

"@adobe/css-tools@^4.0.1":
  version "4.3.2"

"@ampproject/remapping@^2.2.0":
  version "2.3.0"
  dependencies:
    "@jridgewell/gen-mapping" "^0.3.5"
    "@jridgewell/trace-mapping" "^0.3.24"

"@babel/code-frame@^7.0.0", "@babel/code-frame@^7.10.4", "@babel/code-frame@^7.24.7":
  version "7.24.7"
  dependencies:
    "@babel/highlight" "^7.24.7"
    picocolors "^1.0.0"

"@babel/compat-data@^7.25.2":
  version "7.25.4"

"@babel/core@^7.0.0", "@babel/core@^7.0.0-0", "@babel/core@^7.18.13":
  version "7.25.2"
  dependencies:
    "@ampproject/remapping" "^2.2.0"
    "@babel/code-frame" "^7.24.7"
    "@babel/generator" "^7.25.0"
    "@babel/helper-compilation-targets" "^7.25.2"
    "@babel/helper-module-transforms" "^7.25.2"
    "@babel/helpers" "^7.25.0"
    "@babel/parser" "^7.25.0"
    "@babel/template" "^7.25.0"
    "@babel/traverse" "^7.25.2"
    "@babel/types" "^7.25.2"
    convert-source-map "^2.0.0"
    debug "^4.1.0"
    gensync "^1.0.0-beta.2"
    json5 "^2.2.3"
    semver "^6.3.1"

"@babel/generator@^7.25.0", "@babel/generator@^7.25.4":
  version "7.25.4"
  dependencies:
    "@babel/types" "^7.25.4"
    "@jridgewell/gen-mapping" "^0.3.5"
    "@jridgewell/trace-mapping" "^0.3.25"
    jsesc "^2.5.1"

"@babel/helper-annotate-as-pure@^7.18.6":
  version "7.18.6"
  dependencies:
    "@babel/types" "^7.18.6"

"@babel/helper-compilation-targets@^7.25.2":
  version "7.25.2"
  dependencies:
    "@babel/compat-data" "^7.25.2"
    "@babel/helper-validator-option" "^7.24.8"
    browserslist "^4.23.1"
    lru-cache "^5.1.1"
    semver "^6.3.1"

"@babel/helper-module-imports@^7.16.7", "@babel/helper-module-imports@^7.18.6", "@babel/helper-module-imports@^7.24.7":
  version "7.24.7"
  dependencies:
    "@babel/traverse" "^7.24.7"
    "@babel/types" "^7.24.7"

"@babel/helper-module-transforms@^7.25.2":
  version "7.25.2"
  dependencies:
    "@babel/helper-module-imports" "^7.24.7"
    "@babel/helper-simple-access" "^7.24.7"
    "@babel/helper-validator-identifier" "^7.24.7"
    "@babel/traverse" "^7.25.2"

"@babel/helper-plugin-utils@^7.18.6", "@babel/helper-plugin-utils@^7.18.9":
  version "7.18.9"

"@babel/helper-simple-access@^7.24.7":
  version "7.24.7"
  dependencies:
    "@babel/traverse" "^7.24.7"
    "@babel/types" "^7.24.7"

"@babel/helper-string-parser@^7.24.8":
  version "7.24.8"

"@babel/helper-validator-identifier@^7.24.7":
  version "7.24.7"

"@babel/helper-validator-option@^7.24.8":
  version "7.24.8"

"@babel/helpers@^7.25.0":
  version "7.25.0"
  dependencies:
    "@babel/template" "^7.25.0"
    "@babel/types" "^7.25.0"

"@babel/highlight@^7.24.7":
  version "7.24.7"
  dependencies:
    "@babel/helper-validator-identifier" "^7.24.7"
    chalk "^2.4.2"
    js-tokens "^4.0.0"
    picocolors "^1.0.0"

"@babel/parser@^7.25.0", "@babel/parser@^7.25.4":
  version "7.25.4"
  dependencies:
    "@babel/types" "^7.25.4"

"@babel/plugin-syntax-jsx@^7.17.12", "@babel/plugin-syntax-jsx@^7.18.6":
  version "7.18.6"
  dependencies:
    "@babel/helper-plugin-utils" "^7.18.6"

"@babel/plugin-transform-react-jsx-development@^7.18.6":
  version "7.18.6"
  dependencies:
    "@babel/plugin-transform-react-jsx" "^7.18.6"

"@babel/plugin-transform-react-jsx-self@^7.18.6":
  version "7.18.6"
  dependencies:
    "@babel/helper-plugin-utils" "^7.18.6"

"@babel/plugin-transform-react-jsx-source@^7.18.6":
  version "7.18.6"
  dependencies:
    "@babel/helper-plugin-utils" "^7.18.6"

"@babel/plugin-transform-react-jsx@^7.18.10", "@babel/plugin-transform-react-jsx@^7.18.6":
  version "7.18.10"
  dependencies:
    "@babel/helper-annotate-as-pure" "^7.18.6"
    "@babel/helper-module-imports" "^7.18.6"
    "@babel/helper-plugin-utils" "^7.18.9"
    "@babel/plugin-syntax-jsx" "^7.18.6"
    "@babel/types" "^7.18.10"

"@babel/runtime@^7.10.2", "@babel/runtime@^7.12.5", "@babel/runtime@^7.13.10", "@babel/runtime@^7.18.3", "@babel/runtime@^7.5.5", "@babel/runtime@^7.7.6", "@babel/runtime@^7.8.7", "@babel/runtime@^7.9.2":
  version "7.18.9"
  dependencies:
    regenerator-runtime "^0.13.4"

"@babel/template@^7.25.0":
  version "7.25.0"
  dependencies:
    "@babel/code-frame" "^7.24.7"
    "@babel/parser" "^7.25.0"
    "@babel/types" "^7.25.0"

"@babel/traverse@^7.24.7", "@babel/traverse@^7.25.2":
  version "7.25.4"
  dependencies:
    "@babel/code-frame" "^7.24.7"
    "@babel/generator" "^7.25.4"
    "@babel/parser" "^7.25.4"
    "@babel/template" "^7.25.0"
    "@babel/types" "^7.25.4"
    debug "^4.3.1"
    globals "^11.1.0"

"@babel/types@^7.18.10", "@babel/types@^7.18.6", "@babel/types@^7.24.7", "@babel/types@^7.25.0", "@babel/types@^7.25.2", "@babel/types@^7.25.4":
  version "7.25.4"
  dependencies:
    "@babel/helper-string-parser" "^7.24.8"
    "@babel/helper-validator-identifier" "^7.24.7"
    to-fast-properties "^2.0.0"

"@emotion/babel-plugin@^11.10.0":
  version "11.10.0"
  dependencies:
    "@babel/helper-module-imports" "^7.16.7"
    "@babel/plugin-syntax-jsx" "^7.17.12"
    "@babel/runtime" "^7.18.3"
    "@emotion/hash" "^0.9.0"
    "@emotion/memoize" "^0.8.0"
    "@emotion/serialize" "^1.1.0"
    babel-plugin-macros "^3.1.0"
    convert-source-map "^1.5.0"
    escape-string-regexp "^4.0.0"
    find-root "^1.1.0"
    source-map "^0.5.7"
    stylis "4.0.13"

"@emotion/cache@^11.10.0":
  version "11.10.1"
  dependencies:
    "@emotion/memoize" "^0.8.0"
    "@emotion/sheet" "^1.2.0"
    "@emotion/utils" "^1.2.0"
    "@emotion/weak-memoize" "^0.3.0"
    stylis "4.0.13"

"@emotion/hash@^0.9.0":
  version "0.9.0"

"@emotion/memoize@^0.8.0":
  version "0.8.0"

"@emotion/react@^11.10.4", "@emotion/react@>=11.9.0":
  version "11.10.4"
  dependencies:
    "@babel/runtime" "^7.18.3"
    "@emotion/babel-plugin" "^11.10.0"
    "@emotion/cache" "^11.10.0"
    "@emotion/serialize" "^1.1.0"
    "@emotion/use-insertion-effect-with-fallbacks" "^1.0.0"
    "@emotion/utils" "^1.2.0"
    "@emotion/weak-memoize" "^0.3.0"
    hoist-non-react-statics "^3.3.1"

"@emotion/serialize@^1.1.0":
  version "1.1.0"
  dependencies:
    "@emotion/hash" "^0.9.0"
    "@emotion/memoize" "^0.8.0"
    "@emotion/unitless" "^0.8.0"
    "@emotion/utils" "^1.2.0"
    csstype "^3.0.2"

"@emotion/sheet@^1.2.0":
  version "1.2.0"

"@emotion/unitless@^0.8.0":
  version "0.8.0"

"@emotion/use-insertion-effect-with-fallbacks@^1.0.0":
  version "1.0.0"

"@emotion/utils@^1.2.0":
  version "1.2.0"

"@emotion/weak-memoize@^0.3.0":
  version "0.3.0"

"@floating-ui/core@^0.7.3":
  version "0.7.3"

"@floating-ui/dom@^0.5.3":
  version "0.5.4"
  dependencies:
    "@floating-ui/core" "^0.7.3"

"@floating-ui/react-dom-interactions@0.6.6":
  version "0.6.6"
  dependencies:
    "@floating-ui/react-dom" "^0.7.2"
    aria-hidden "^1.1.3"
    use-isomorphic-layout-effect "^1.1.1"

"@floating-ui/react-dom@^0.7.2":
  version "0.7.2"
  dependencies:
    "@floating-ui/dom" "^0.5.3"
    use-isomorphic-layout-effect "^1.1.1"

"@jest/schemas@^28.1.3":
  version "28.1.3"
  dependencies:
    "@sinclair/typebox" "^0.24.1"

"@jridgewell/gen-mapping@^0.3.5":
  version "0.3.5"
  dependencies:
    "@jridgewell/set-array" "^1.2.1"
    "@jridgewell/sourcemap-codec" "^1.4.10"
    "@jridgewell/trace-mapping" "^0.3.24"

"@jridgewell/resolve-uri@^3.1.0":
  version "3.1.1"

"@jridgewell/set-array@^1.2.1":
  version "1.2.1"

"@jridgewell/sourcemap-codec@^1.4.10", "@jridgewell/sourcemap-codec@^1.4.14":
  version "1.4.14"

"@jridgewell/trace-mapping@^0.3.24", "@jridgewell/trace-mapping@^0.3.25":
  version "0.3.25"
  dependencies:
    "@jridgewell/resolve-uri" "^3.1.0"
    "@jridgewell/sourcemap-codec" "^1.4.14"

"@mantine/core@^5.3.0", "@mantine/core@5.3.0":
  version "5.3.0"
  dependencies:
    "@floating-ui/react-dom-interactions" "0.6.6"
    "@mantine/styles" "5.3.0"
    "@mantine/utils" "5.3.0"
    "@radix-ui/react-scroll-area" "1.0.0"
    react-textarea-autosize "8.3.4"

"@mantine/form@^5.3.0":
  version "5.3.0"
  dependencies:
    fast-deep-equal "^3.1.3"
    klona "^2.0.5"

"@mantine/hooks@^5.3.0", "@mantine/hooks@5.3.0":
  version "5.3.0"

"@mantine/notifications@5.3.0":
  version "5.3.0"
  dependencies:
    "@mantine/utils" "5.3.0"
    react-transition-group "4.4.2"

"@mantine/prism@^5.3.0":
  version "5.3.0"
  dependencies:
    "@mantine/utils" "5.3.0"
    prism-react-renderer "^1.2.1"

"@mantine/spotlight@^5.3.0":
  version "5.3.0"
  dependencies:
    "@mantine/utils" "5.3.0"

"@mantine/styles@5.3.0":
  version "5.3.0"
  dependencies:
    clsx "1.1.1"
    csstype "3.0.9"

"@mantine/utils@5.3.0":
  version "5.3.0"

"@octokit/auth-token@^2.4.4":
  version "2.5.0"
  dependencies:
    "@octokit/types" "^6.0.3"

"@octokit/core@^3.6.0", "@octokit/core@>=2", "@octokit/core@>=3":
  version "3.6.0"
  dependencies:
    "@octokit/auth-token" "^2.4.4"
    "@octokit/graphql" "^4.5.8"
    "@octokit/request" "^5.6.3"
    "@octokit/request-error" "^2.0.5"
    "@octokit/types" "^6.0.3"
    before-after-hook "^2.2.0"
    universal-user-agent "^6.0.0"

"@octokit/endpoint@^6.0.1":
  version "6.0.12"
  dependencies:
    "@octokit/types" "^6.0.3"
    is-plain-object "^5.0.0"
    universal-user-agent "^6.0.0"

"@octokit/graphql@^4.5.8":
  version "4.8.0"
  dependencies:
    "@octokit/request" "^5.6.0"
    "@octokit/types" "^6.0.3"
    universal-user-agent "^6.0.0"

"@octokit/openapi-types@^12.11.0":
  version "12.11.0"

"@octokit/plugin-paginate-rest@^2.17.0":
  version "2.21.3"
  dependencies:
    "@octokit/types" "^6.40.0"

"@octokit/plugin-rest-endpoint-methods@^5.13.0":
  version "5.16.2"
  dependencies:
    "@octokit/types" "^6.39.0"
    deprecation "^2.3.1"

"@octokit/request-error@^2.0.5", "@octokit/request-error@^2.1.0":
  version "2.1.0"
  dependencies:
    "@octokit/types" "^6.0.3"
    deprecation "^2.0.0"
    once "^1.4.0"

"@octokit/request@^5.6.0", "@octokit/request@^5.6.3":
  version "5.6.3"
  dependencies:
    "@octokit/endpoint" "^6.0.1"
    "@octokit/request-error" "^2.1.0"
    "@octokit/types" "^6.16.1"
    is-plain-object "^5.0.0"
    node-fetch "^2.6.7"
    universal-user-agent "^6.0.0"

"@octokit/types@^6.0.3", "@octokit/types@^6.16.1", "@octokit/types@^6.39.0", "@octokit/types@^6.40.0":
  version "6.41.0"
  dependencies:
    "@octokit/openapi-types" "^12.11.0"

"@radix-ui/number@1.0.0":
  version "1.0.0"
  dependencies:
    "@babel/runtime" "^7.13.10"

"@radix-ui/primitive@1.0.0":
  version "1.0.0"
  dependencies:
    "@babel/runtime" "^7.13.10"

"@radix-ui/react-compose-refs@1.0.0":
  version "1.0.0"
  dependencies:
    "@babel/runtime" "^7.13.10"

"@radix-ui/react-context@1.0.0":
  version "1.0.0"
  dependencies:
    "@babel/runtime" "^7.13.10"

"@radix-ui/react-direction@1.0.0":
  version "1.0.0"
  dependencies:
    "@babel/runtime" "^7.13.10"

"@radix-ui/react-presence@1.0.0":
  version "1.0.0"
  dependencies:
    "@babel/runtime" "^7.13.10"
    "@radix-ui/react-compose-refs" "1.0.0"
    "@radix-ui/react-use-layout-effect" "1.0.0"

"@radix-ui/react-primitive@1.0.0":
  version "1.0.0"
  dependencies:
    "@babel/runtime" "^7.13.10"
    "@radix-ui/react-slot" "1.0.0"

"@radix-ui/react-scroll-area@1.0.0":
  version "1.0.0"
  dependencies:
    "@babel/runtime" "^7.13.10"
    "@radix-ui/number" "1.0.0"
    "@radix-ui/primitive" "1.0.0"
    "@radix-ui/react-compose-refs" "1.0.0"
    "@radix-ui/react-context" "1.0.0"
    "@radix-ui/react-direction" "1.0.0"
    "@radix-ui/react-presence" "1.0.0"
    "@radix-ui/react-primitive" "1.0.0"
    "@radix-ui/react-use-callback-ref" "1.0.0"
    "@radix-ui/react-use-layout-effect" "1.0.0"

"@radix-ui/react-slot@1.0.0":
  version "1.0.0"
  dependencies:
    "@babel/runtime" "^7.13.10"
    "@radix-ui/react-compose-refs" "1.0.0"

"@radix-ui/react-use-callback-ref@1.0.0":
  version "1.0.0"
  dependencies:
    "@babel/runtime" "^7.13.10"

"@radix-ui/react-use-layout-effect@1.0.0":
  version "1.0.0"
  dependencies:
    "@babel/runtime" "^7.13.10"

"@sinclair/typebox@^0.24.1":
  version "0.24.20"

"@tabler/icons@^1.95.1":
  version "1.95.1"

"@tauri-apps/api@^1.5.6":
  version "1.5.6"

"@tauri-apps/cli-linux-x64-gnu@1.5.6":
  version "1.5.6"

"@tauri-apps/cli@^1.5.6":
  version "1.5.6"
  optionalDependencies:
    "@tauri-apps/cli-darwin-arm64" "1.5.6"
    "@tauri-apps/cli-darwin-x64" "1.5.6"
    "@tauri-apps/cli-linux-arm-gnueabihf" "1.5.6"
    "@tauri-apps/cli-linux-arm64-gnu" "1.5.6"
    "@tauri-apps/cli-linux-arm64-musl" "1.5.6"
    "@tauri-apps/cli-linux-x64-gnu" "1.5.6"
    "@tauri-apps/cli-linux-x64-musl" "1.5.6"
    "@tauri-apps/cli-win32-arm64-msvc" "1.5.6"
    "@tauri-apps/cli-win32-ia32-msvc" "1.5.6"
    "@tauri-apps/cli-win32-x64-msvc" "1.5.6"

"@testing-library/dom@^8.5.0":
  version "8.16.0"
  dependencies:
    "@babel/code-frame" "^7.10.4"
    "@babel/runtime" "^7.12.5"
    "@types/aria-query" "^4.2.0"
    aria-query "^5.0.0"
    chalk "^4.1.0"
    dom-accessibility-api "^0.5.9"
    lz-string "^1.4.4"
    pretty-format "^27.0.2"

"@testing-library/jest-dom@^5.16.5":
  version "5.16.5"
  dependencies:
    "@adobe/css-tools" "^4.0.1"
    "@babel/runtime" "^7.9.2"
    "@types/testing-library__jest-dom" "^5.9.1"
    aria-query "^5.0.0"
    chalk "^3.0.0"
    css.escape "^1.5.1"
    dom-accessibility-api "^0.5.6"
    lodash "^4.17.15"
    redent "^3.0.0"

"@testing-library/react@^13.4.0":
  version "13.4.0"
  dependencies:
    "@babel/runtime" "^7.12.5"
    "@testing-library/dom" "^8.5.0"
    "@types/react-dom" "^18.0.0"

"@tootallnate/once@2":
  version "2.0.0"

"@types/aria-query@^4.2.0":
  version "4.2.2"

"@types/chai-subset@^1.3.3":
  version "1.3.3"
  dependencies:
    "@types/chai" "*"

"@types/chai@*", "@types/chai@^4.3.3":
  version "4.3.3"

"@types/jest@*":
  version "28.1.6"
  dependencies:
    jest-matcher-utils "^28.0.0"
    pretty-format "^28.0.0"

"@types/minimatch@^3.0.3":
  version "3.0.5"

"@types/node@*", "@types/node@>= 14":
  version "18.0.6"

"@types/parse-json@^4.0.0":
  version "4.0.0"

"@types/prop-types@*":
  version "15.7.5"

"@types/react-dom@^18.0.0", "@types/react-dom@^18.0.6":
  version "18.0.6"
  dependencies:
    "@types/react" "*"

"@types/react@*", "@types/react@^18.0.19":
  version "18.0.19"
  dependencies:
    "@types/prop-types" "*"
    "@types/scheduler" "*"
    csstype "^3.0.2"

"@types/scheduler@*":
  version "0.16.2"

"@types/testing-library__jest-dom@^5.9.1":
  version "5.14.5"
  dependencies:
    "@types/jest" "*"

"@types/uuid@^10.0.0":
  version "10.0.0"

"@vitejs/plugin-react@^2.1.0":
  version "2.1.0"
  dependencies:
    "@babel/core" "^7.18.13"
    "@babel/plugin-transform-react-jsx" "^7.18.10"
    "@babel/plugin-transform-react-jsx-development" "^7.18.6"
    "@babel/plugin-transform-react-jsx-self" "^7.18.6"
    "@babel/plugin-transform-react-jsx-source" "^7.18.6"
    magic-string "^0.26.2"
    react-refresh "^0.14.0"

abab@^2.0.6:
  version "2.0.6"

acorn-globals@^6.0.0:
  version "6.0.0"
  dependencies:
    acorn "^7.1.1"
    acorn-walk "^7.1.1"

acorn-walk@^7.1.1:
  version "7.2.0"

acorn@^7.1.1:
  version "7.4.1"

acorn@^8.7.1:
  version "8.7.1"

agent-base@6:
  version "6.0.2"
  dependencies:
    debug "4"

ansi-regex@^5.0.1:
  version "5.0.1"

ansi-styles@^3.2.1:
  version "3.2.1"
  dependencies:
    color-convert "^1.9.0"

ansi-styles@^4.1.0:
  version "4.3.0"
  dependencies:
    color-convert "^2.0.1"

ansi-styles@^5.0.0:
  version "5.2.0"

aria-hidden@^1.1.3:
  version "1.1.3"
  dependencies:
    tslib "^1.0.0"

aria-query@^5.0.0:
  version "5.0.0"

array-differ@^3.0.0:
  version "3.0.0"

array-union@^2.1.0:
  version "2.1.0"

arrify@^2.0.1:
  version "2.0.1"

assertion-error@^1.1.0:
  version "1.1.0"

asynckit@^0.4.0:
  version "0.4.0"

babel-plugin-macros@^3.1.0:
  version "3.1.0"
  dependencies:
    "@babel/runtime" "^7.12.5"
    cosmiconfig "^7.0.0"
    resolve "^1.19.0"

balanced-match@^1.0.0:
  version "1.0.2"

before-after-hook@^2.2.0:
  version "2.2.3"

brace-expansion@^1.1.7:
  version "1.1.11"
  dependencies:
    balanced-match "^1.0.0"
    concat-map "0.0.1"

browser-process-hrtime@^1.0.0:
  version "1.0.0"

browserslist@^4.23.1, "browserslist@>= 4.21.0":
  version "4.23.3"
  dependencies:
    caniuse-lite "^1.0.30001646"
    electron-to-chromium "^1.5.4"
    node-releases "^2.0.18"
    update-browserslist-db "^1.1.0"

callsites@^3.0.0:
  version "3.1.0"

caniuse-lite@^1.0.30001646:
  version "1.0.30001651"

chai@^4.3.6:
  version "4.3.6"
  dependencies:
    assertion-error "^1.1.0"
    check-error "^1.0.2"
    deep-eql "^3.0.1"
    get-func-name "^2.0.0"
    loupe "^2.3.1"
    pathval "^1.1.1"
    type-detect "^4.0.5"

chalk@^2.4.2:
  version "2.4.2"
  dependencies:
    ansi-styles "^3.2.1"
    escape-string-regexp "^1.0.5"
    supports-color "^5.3.0"

chalk@^3.0.0:
  version "3.0.0"
  dependencies:
    ansi-styles "^4.1.0"
    supports-color "^7.1.0"

chalk@^4.0.0, chalk@^4.1.0:
  version "4.1.2"
  dependencies:
    ansi-styles "^4.1.0"
    supports-color "^7.1.0"

check-error@^1.0.2:
  version "1.0.2"

clsx@1.1.1:
  version "1.1.1"

color-convert@^1.9.0:
  version "1.9.3"
  dependencies:
    color-name "1.1.3"

color-convert@^2.0.1:
  version "2.0.1"
  dependencies:
    color-name "~1.1.4"

color-name@~1.1.4:
  version "1.1.4"

color-name@1.1.3:
  version "1.1.3"

combined-stream@^1.0.8:
  version "1.0.8"
  dependencies:
    delayed-stream "~1.0.0"

concat-map@0.0.1:
  version "0.0.1"

convert-source-map@^1.5.0:
  version "1.8.0"
  dependencies:
    safe-buffer "~5.1.1"

convert-source-map@^2.0.0:
  version "2.0.0"

cosmiconfig@^7.0.0:
  version "7.0.1"
  dependencies:
    "@types/parse-json" "^4.0.0"
    import-fresh "^3.2.1"
    parse-json "^5.0.0"
    path-type "^4.0.0"
    yaml "^1.10.0"

cross-spawn@^7.0.0:
  version "7.0.3"
  dependencies:
    path-key "^3.1.0"
    shebang-command "^2.0.0"
    which "^2.0.1"

css.escape@^1.5.1:
  version "1.5.1"

cssom@^0.5.0:
  version "0.5.0"

cssom@~0.3.6:
  version "0.3.8"

cssstyle@^2.3.0:
  version "2.3.0"
  dependencies:
    cssom "~0.3.6"

csstype@^3.0.2:
  version "3.1.0"

csstype@3.0.9:
  version "3.0.9"

data-uri-to-buffer@^4.0.0:
  version "4.0.1"

data-urls@^3.0.2:
  version "3.0.2"
  dependencies:
    abab "^2.0.6"
    whatwg-mimetype "^3.0.0"
    whatwg-url "^11.0.0"

debug@^4.1.0, debug@^4.3.1, debug@^4.3.4, debug@4:
  version "4.3.4"
  dependencies:
    ms "2.1.2"

decimal.js@^10.3.1:
  version "10.3.1"

deep-eql@^3.0.1:
  version "3.0.1"
  dependencies:
    type-detect "^4.0.0"

deep-is@~0.1.3:
  version "0.1.4"

delayed-stream@~1.0.0:
  version "1.0.0"

deprecation@^2.0.0, deprecation@^2.3.1:
  version "2.3.1"

diff-sequences@^28.1.1:
  version "28.1.1"

dom-accessibility-api@^0.5.6, dom-accessibility-api@^0.5.9:
  version "0.5.14"

dom-helpers@^5.0.1:
  version "5.2.1"
  dependencies:
    "@babel/runtime" "^7.8.7"
    csstype "^3.0.2"

domexception@^4.0.0:
  version "4.0.0"
  dependencies:
    webidl-conversions "^7.0.0"

electron-to-chromium@^1.5.4:
  version "1.5.13"

end-of-stream@^1.1.0:
  version "1.4.4"
  dependencies:
    once "^1.4.0"

entities@^4.3.0:
  version "4.3.1"

error-ex@^1.3.1:
  version "1.3.2"
  dependencies:
    is-arrayish "^0.2.1"

esbuild-linux-64@0.15.18:
  version "0.15.18"

esbuild@^0.15.9:
  version "0.15.18"
  optionalDependencies:
    "@esbuild/android-arm" "0.15.18"
    "@esbuild/linux-loong64" "0.15.18"
    esbuild-android-64 "0.15.18"
    esbuild-android-arm64 "0.15.18"
    esbuild-darwin-64 "0.15.18"
    esbuild-darwin-arm64 "0.15.18"
    esbuild-freebsd-64 "0.15.18"
    esbuild-freebsd-arm64 "0.15.18"
    esbuild-linux-32 "0.15.18"
    esbuild-linux-64 "0.15.18"
    esbuild-linux-arm "0.15.18"
    esbuild-linux-arm64 "0.15.18"
    esbuild-linux-mips64le "0.15.18"
    esbuild-linux-ppc64le "0.15.18"
    esbuild-linux-riscv64 "0.15.18"
    esbuild-linux-s390x "0.15.18"
    esbuild-netbsd-64 "0.15.18"
    esbuild-openbsd-64 "0.15.18"
    esbuild-sunos-64 "0.15.18"
    esbuild-windows-32 "0.15.18"
    esbuild-windows-64 "0.15.18"
    esbuild-windows-arm64 "0.15.18"

escalade@^3.1.2:
  version "3.1.2"

escape-string-regexp@^1.0.5:
  version "1.0.5"

escape-string-regexp@^4.0.0:
  version "4.0.0"

escodegen@^2.0.0:
  version "2.0.0"
  dependencies:
    esprima "^4.0.1"
    estraverse "^5.2.0"
    esutils "^2.0.2"
    optionator "^0.8.1"
  optionalDependencies:
    source-map "~0.6.1"

esprima@^4.0.1:
  version "4.0.1"

estraverse@^5.2.0:
  version "5.3.0"

esutils@^2.0.2:
  version "2.0.3"

execa@^4.0.0:
  version "4.1.0"
  dependencies:
    cross-spawn "^7.0.0"
    get-stream "^5.0.0"
    human-signals "^1.1.1"
    is-stream "^2.0.0"
    merge-stream "^2.0.0"
    npm-run-path "^4.0.0"
    onetime "^5.1.0"
    signal-exit "^3.0.2"
    strip-final-newline "^2.0.0"

fast-deep-equal@^3.1.3:
  version "3.1.3"

fast-levenshtein@~2.0.6:
  version "2.0.6"

fetch-blob@^3.1.2, fetch-blob@^3.1.4:
  version "3.2.0"
  dependencies:
    node-domexception "^1.0.0"
    web-streams-polyfill "^3.0.3"

find-root@^1.1.0:
  version "1.1.0"

find-up@^4.1.0:
  version "4.1.0"
  dependencies:
    locate-path "^5.0.0"
    path-exists "^4.0.0"

form-data@^4.0.0:
  version "4.0.0"
  dependencies:
    asynckit "^0.4.0"
    combined-stream "^1.0.8"
    mime-types "^2.1.12"

formdata-polyfill@^4.0.10:
  version "4.0.10"
  dependencies:
    fetch-blob "^3.1.2"

function-bind@^1.1.1:
  version "1.1.1"

gensync@^1.0.0-beta.2:
  version "1.0.0-beta.2"

get-func-name@^2.0.0:
  version "2.0.2"

get-stream@^5.0.0:
  version "5.2.0"
  dependencies:
    pump "^3.0.0"

globals@^11.1.0:
  version "11.12.0"

has-flag@^3.0.0:
  version "3.0.0"

has-flag@^4.0.0:
  version "4.0.0"

has@^1.0.3:
  version "1.0.3"
  dependencies:
    function-bind "^1.1.1"

history@^5.2.0:
  version "5.3.0"
  dependencies:
    "@babel/runtime" "^7.7.6"

hoist-non-react-statics@^3.3.1:
  version "3.3.2"
  dependencies:
    react-is "^16.7.0"

html-encoding-sniffer@^3.0.0:
  version "3.0.0"
  dependencies:
    whatwg-encoding "^2.0.0"

http-proxy-agent@^5.0.0:
  version "5.0.0"
  dependencies:
    "@tootallnate/once" "2"
    agent-base "6"
    debug "4"

https-proxy-agent@^5.0.1:
  version "5.0.1"
  dependencies:
    agent-base "6"
    debug "4"

human-signals@^1.1.1:
  version "1.1.1"

husky@^8.0.1:
  version "8.0.1"

iconv-lite@0.6.3:
  version "0.6.3"
  dependencies:
    safer-buffer ">= 2.1.2 < 3.0.0"

ignore@^5.1.4:
  version "5.2.0"

import-fresh@^3.2.1:
  version "3.3.0"
  dependencies:
    parent-module "^1.0.0"
    resolve-from "^4.0.0"

indent-string@^4.0.0:
  version "4.0.0"

is-arrayish@^0.2.1:
  version "0.2.1"

is-core-module@^2.9.0:
  version "2.9.0"
  dependencies:
    has "^1.0.3"

is-plain-object@^5.0.0:
  version "5.0.0"

is-potential-custom-element-name@^1.0.1:
  version "1.0.1"

is-stream@^2.0.0:
  version "2.0.1"

isexe@^2.0.0:
  version "2.0.0"

jest-diff@^28.1.3:
  version "28.1.3"
  dependencies:
    chalk "^4.0.0"
    diff-sequences "^28.1.1"
    jest-get-type "^28.0.2"
    pretty-format "^28.1.3"

jest-get-type@^28.0.2:
  version "28.0.2"

jest-matcher-utils@^28.0.0:
  version "28.1.3"
  dependencies:
    chalk "^4.0.0"
    jest-diff "^28.1.3"
    jest-get-type "^28.0.2"
    pretty-format "^28.1.3"

"js-tokens@^3.0.0 || ^4.0.0", js-tokens@^4.0.0:
  version "4.0.0"

jsdom@*, jsdom@^20.0.0:
  version "20.0.0"
  dependencies:
    abab "^2.0.6"
    acorn "^8.7.1"
    acorn-globals "^6.0.0"
    cssom "^0.5.0"
    cssstyle "^2.3.0"
    data-urls "^3.0.2"
    decimal.js "^10.3.1"
    domexception "^4.0.0"
    escodegen "^2.0.0"
    form-data "^4.0.0"
    html-encoding-sniffer "^3.0.0"
    http-proxy-agent "^5.0.0"
    https-proxy-agent "^5.0.1"
    is-potential-custom-element-name "^1.0.1"
    nwsapi "^2.2.0"
    parse5 "^7.0.0"
    saxes "^6.0.0"
    symbol-tree "^3.2.4"
    tough-cookie "^4.0.0"
    w3c-hr-time "^1.0.2"
    w3c-xmlserializer "^3.0.0"
    webidl-conversions "^7.0.0"
    whatwg-encoding "^2.0.0"
    whatwg-mimetype "^3.0.0"
    whatwg-url "^11.0.0"
    ws "^8.8.0"
    xml-name-validator "^4.0.0"

jsesc@^2.5.1:
  version "2.5.2"

json-parse-even-better-errors@^2.3.0:
  version "2.3.1"

json5@^2.2.3:
  version "2.2.3"

klona@^2.0.5:
  version "2.0.5"

levn@~0.3.0:
  version "0.3.0"
  dependencies:
    prelude-ls "~1.1.2"
    type-check "~0.3.2"

lines-and-columns@^1.1.6:
  version "1.2.4"

local-pkg@^0.4.2:
  version "0.4.2"

locate-path@^5.0.0:
  version "5.0.0"
  dependencies:
    p-locate "^4.1.0"

lodash@^4.17.15:
  version "4.17.21"

loose-envify@^1.1.0, loose-envify@^1.4.0:
  version "1.4.0"
  dependencies:
    js-tokens "^3.0.0 || ^4.0.0"

loupe@^2.3.1:
  version "2.3.4"
  dependencies:
    get-func-name "^2.0.0"

lru-cache@^5.1.1:
  version "5.1.1"
  dependencies:
    yallist "^3.0.2"

lz-string@^1.4.4:
  version "1.4.4"

magic-string@^0.26.2:
  version "0.26.2"
  dependencies:
    sourcemap-codec "^1.4.8"

merge-stream@^2.0.0:
  version "2.0.0"

mime-db@1.52.0:
  version "1.52.0"

mime-types@^2.1.12:
  version "2.1.35"
  dependencies:
    mime-db "1.52.0"

mimic-fn@^2.1.0:
  version "2.1.0"

min-indent@^1.0.0:
  version "1.0.1"

minimatch@^3.0.4:
  version "3.1.2"
  dependencies:
    brace-expansion "^1.1.7"

mri@^1.1.5:
  version "1.2.0"

ms@2.1.2:
  version "2.1.2"

multimatch@^4.0.0:
  version "4.0.0"
  dependencies:
    "@types/minimatch" "^3.0.3"
    array-differ "^3.0.0"
    array-union "^2.1.0"
    arrify "^2.0.1"
    minimatch "^3.0.4"

nanoid@^3.3.6:
  version "3.3.6"

node-domexception@^1.0.0:
  version "1.0.0"

node-fetch@^2.6.7:
  version "2.6.9"
  dependencies:
    whatwg-url "^5.0.0"

node-fetch@^3.3.1:
  version "3.3.1"
  dependencies:
    data-uri-to-buffer "^4.0.0"
    fetch-blob "^3.1.4"
    formdata-polyfill "^4.0.10"

node-releases@^2.0.18:
  version "2.0.18"

npm-run-path@^4.0.0:
  version "4.0.1"
  dependencies:
    path-key "^3.0.0"

nwsapi@^2.2.0:
  version "2.2.1"

object-assign@^4.1.1:
  version "4.1.1"

once@^1.3.1, once@^1.4.0:
  version "1.4.0"
  dependencies:
    wrappy "1"

onetime@^5.1.0:
  version "5.1.2"
  dependencies:
    mimic-fn "^2.1.0"

optionator@^0.8.1:
  version "0.8.3"
  dependencies:
    deep-is "~0.1.3"
    fast-levenshtein "~2.0.6"
    levn "~0.3.0"
    prelude-ls "~1.1.2"
    type-check "~0.3.2"
    word-wrap "~1.2.3"

p-limit@^2.2.0:
  version "2.3.0"
  dependencies:
    p-try "^2.0.0"

p-locate@^4.1.0:
  version "4.1.0"
  dependencies:
    p-limit "^2.2.0"

p-try@^2.0.0:
  version "2.2.0"

parent-module@^1.0.0:
  version "1.0.1"
  dependencies:
    callsites "^3.0.0"

parse-json@^5.0.0:
  version "5.2.0"
  dependencies:
    "@babel/code-frame" "^7.0.0"
    error-ex "^1.3.1"
    json-parse-even-better-errors "^2.3.0"
    lines-and-columns "^1.1.6"

parse5@^7.0.0:
  version "7.0.0"
  dependencies:
    entities "^4.3.0"

path-exists@^4.0.0:
  version "4.0.0"

path-key@^3.0.0, path-key@^3.1.0:
  version "3.1.1"

path-parse@^1.0.7:
  version "1.0.7"

path-type@^4.0.0:
  version "4.0.0"

pathval@^1.1.1:
  version "1.1.1"

picocolors@^1.0.0, picocolors@^1.0.1:
  version "1.0.1"

postcss@^8.4.18:
  version "8.4.31"
  dependencies:
    nanoid "^3.3.6"
    picocolors "^1.0.0"
    source-map-js "^1.0.2"

prelude-ls@~1.1.2:
  version "1.1.2"

prettier@>=2.0.0, prettier@2.7.1:
  version "2.7.1"

pretty-format@^27.0.2:
  version "27.5.1"
  dependencies:
    ansi-regex "^5.0.1"
    ansi-styles "^5.0.0"
    react-is "^17.0.1"

pretty-format@^28.0.0, pretty-format@^28.1.3:
  version "28.1.3"
  dependencies:
    "@jest/schemas" "^28.1.3"
    ansi-regex "^5.0.1"
    ansi-styles "^5.0.0"
    react-is "^18.0.0"

pretty-quick@^3.1.3:
  version "3.1.3"
  dependencies:
    chalk "^3.0.0"
    execa "^4.0.0"
    find-up "^4.1.0"
    ignore "^5.1.4"
    mri "^1.1.5"
    multimatch "^4.0.0"

prism-react-renderer@^1.2.1:
  version "1.3.5"

prop-types@^15.6.2:
  version "15.8.1"
  dependencies:
    loose-envify "^1.4.0"
    object-assign "^4.1.1"
    react-is "^16.13.1"

psl@^1.1.33:
  version "1.9.0"

pump@^3.0.0:
  version "3.0.0"
  dependencies:
    end-of-stream "^1.1.0"
    once "^1.3.1"

punycode@^2.1.1:
  version "2.1.1"

querystringify@^2.1.1:
  version "2.2.0"

"react-dom@^16.8 || ^17.0 || ^18.0", "react-dom@^16.x || 17.x || 18.x", react-dom@^18.0.0, react-dom@^18.2.0, react-dom@>=16.6.0, react-dom@>=16.8, react-dom@>=16.8.0:
  version "18.2.0"
  dependencies:
    loose-envify "^1.1.0"
    scheduler "^0.23.0"

react-is@^16.13.1, react-is@^16.7.0:
  version "16.13.1"

react-is@^17.0.1:
  version "17.0.2"

react-is@^18.0.0:
  version "18.2.0"

react-refresh@^0.14.0:
  version "0.14.0"

react-router-dom@6.3.0:
  version "6.3.0"
  dependencies:
    history "^5.2.0"
    react-router "6.3.0"

react-router@6.3.0:
  version "6.3.0"
  dependencies:
    history "^5.2.0"

react-textarea-autosize@8.3.4:
  version "8.3.4"
  dependencies:
    "@babel/runtime" "^7.10.2"
    use-composed-ref "^1.3.0"
    use-latest "^1.2.1"

react-transition-group@4.4.2:
  version "4.4.2"
  dependencies:
    "@babel/runtime" "^7.5.5"
    dom-helpers "^5.0.1"
    loose-envify "^1.4.0"
    prop-types "^15.6.2"

"react@^16.8 || ^17.0 || ^18.0", "react@^16.8.0 || ^17.0.0 || ^18.0.0", "react@^16.x || 17.x || 18.x", react@^18.0.0, react@^18.2.0, react@>=0.14.9, react@>=16.6.0, react@>=16.8, react@>=16.8.0:
  version "18.2.0"
  dependencies:
    loose-envify "^1.1.0"

redent@^3.0.0:
  version "3.0.0"
  dependencies:
    indent-string "^4.0.0"
    strip-indent "^3.0.0"

regenerator-runtime@^0.13.4:
  version "0.13.9"

requires-port@^1.0.0:
  version "1.0.0"

resolve-from@^4.0.0:
  version "4.0.0"

resolve@^1.19.0, resolve@^1.22.1:
  version "1.22.1"
  dependencies:
    is-core-module "^2.9.0"
    path-parse "^1.0.7"
    supports-preserve-symlinks-flag "^1.0.0"

rollup@^2.79.1:
  version "2.79.2"
  resolved "https://registry.npmjs.org/rollup/-/rollup-2.79.2.tgz"
  integrity sha512-fS6iqSPZDs3dr/y7Od6y5nha8dW1YnbgtsyotCVvoFGKbERG++CVRFv1meyGDE1SNItQA8BrnCw7ScdAhRJ3XQ==
  optionalDependencies:
    fsevents "~2.3.2"

safe-buffer@~5.1.1:
  version "5.1.2"

"safer-buffer@>= 2.1.2 < 3.0.0":
  version "2.1.2"

saxes@^6.0.0:
  version "6.0.0"
  dependencies:
    xmlchars "^2.2.0"

scheduler@^0.23.0:
  version "0.23.0"
  dependencies:
    loose-envify "^1.1.0"

semver@^6.3.1:
  version "6.3.1"

shebang-command@^2.0.0:
  version "2.0.0"
  dependencies:
    shebang-regex "^3.0.0"

shebang-regex@^3.0.0:
  version "3.0.0"

signal-exit@^3.0.2:
  version "3.0.7"

source-map-js@^1.0.2:
  version "1.0.2"

source-map@^0.5.7:
  version "0.5.7"

source-map@~0.6.1:
  version "0.6.1"

sourcemap-codec@^1.4.8:
  version "1.4.8"

strip-final-newline@^2.0.0:
  version "2.0.0"

strip-indent@^3.0.0:
  version "3.0.0"
  dependencies:
    min-indent "^1.0.0"

strip-literal@^0.4.0:
  version "0.4.0"
  dependencies:
    acorn "^8.7.1"

stylis@4.0.13:
  version "4.0.13"

supports-color@^5.3.0:
  version "5.5.0"
  dependencies:
    has-flag "^3.0.0"

supports-color@^7.1.0:
  version "7.2.0"
  dependencies:
    has-flag "^4.0.0"

supports-preserve-symlinks-flag@^1.0.0:
  version "1.0.0"

symbol-tree@^3.2.4:
  version "3.2.4"

tinybench@^2.1.5:
  version "2.1.5"

tinypool@^0.3.0:
  version "0.3.0"

tinyspy@^1.0.2:
  version "1.0.2"

to-fast-properties@^2.0.0:
  version "2.0.0"

tough-cookie@^4.0.0:
  version "4.1.3"
  dependencies:
    psl "^1.1.33"
    punycode "^2.1.1"
    universalify "^0.2.0"
    url-parse "^1.5.3"

tr46@^3.0.0:
  version "3.0.0"
  dependencies:
    punycode "^2.1.1"

tr46@~0.0.3:
  version "0.0.3"

tslib@^1.0.0:
  version "1.14.1"

tunnel@^0.0.6:
  version "0.0.6"

type-check@~0.3.2:
  version "0.3.2"
  dependencies:
    prelude-ls "~1.1.2"

type-detect@^4.0.0, type-detect@^4.0.5:
  version "4.0.8"

typescript@^4.8.3:
  version "4.8.3"

universal-user-agent@^6.0.0:
  version "6.0.0"

universalify@^0.2.0:
  version "0.2.0"

update-browserslist-db@^1.1.0:
  version "1.1.0"
  dependencies:
    escalade "^3.1.2"
    picocolors "^1.0.1"

url-parse@^1.5.3:
  version "1.5.10"
  dependencies:
    querystringify "^2.1.1"
    requires-port "^1.0.0"

use-composed-ref@^1.3.0:
  version "1.3.0"

use-isomorphic-layout-effect@^1.1.1:
  version "1.1.2"

use-latest@^1.2.1:
  version "1.2.1"
  dependencies:
    use-isomorphic-layout-effect "^1.1.1"

uuid@^10.0.0:
  version "10.0.0"

"vite@^2.9.12 || ^3.0.0-0", vite@^3.0.0, vite@^3.2.11:
  version "3.2.11"
  dependencies:
    esbuild "^0.15.9"
    postcss "^8.4.18"
    resolve "^1.22.1"
    rollup "^2.79.1"
  optionalDependencies:
    fsevents "~2.3.2"

vitest@^0.23.2:
  version "0.23.2"
  dependencies:
    "@types/chai" "^4.3.3"
    "@types/chai-subset" "^1.3.3"
    "@types/node" "*"
    chai "^4.3.6"
    debug "^4.3.4"
    local-pkg "^0.4.2"
    strip-literal "^0.4.0"
    tinybench "^2.1.5"
    tinypool "^0.3.0"
    tinyspy "^1.0.2"
    vite "^2.9.12 || ^3.0.0-0"

w3c-hr-time@^1.0.2:
  version "1.0.2"
  dependencies:
    browser-process-hrtime "^1.0.0"

w3c-xmlserializer@^3.0.0:
  version "3.0.0"
  dependencies:
    xml-name-validator "^4.0.0"

web-streams-polyfill@^3.0.3:
  version "3.2.1"

webidl-conversions@^3.0.0:
  version "3.0.1"

webidl-conversions@^7.0.0:
  version "7.0.0"

whatwg-encoding@^2.0.0:
  version "2.0.0"
  dependencies:
    iconv-lite "0.6.3"

whatwg-mimetype@^3.0.0:
  version "3.0.0"

whatwg-url@^11.0.0:
  version "11.0.0"
  dependencies:
    tr46 "^3.0.0"
    webidl-conversions "^7.0.0"

whatwg-url@^5.0.0:
  version "5.0.0"
  dependencies:
    tr46 "~0.0.3"
    webidl-conversions "^3.0.0"

which@^2.0.1:
  version "2.0.2"
  dependencies:
    isexe "^2.0.0"

word-wrap@~1.2.3:
  version "1.2.4"

wrappy@1:
  version "1.0.2"

ws@^8.8.0:
  version "8.17.1"

xml-name-validator@^4.0.0:
  version "4.0.0"

xmlchars@^2.2.0:
  version "2.2.0"

yallist@^3.0.2:
  version "3.1.1"

yaml@^1.10.0:
  version "1.10.2"
